
Microsoft Visual Studio Solution File, Format Version 12.00
# Visual Studio Version 16
VisualStudioVersion = 16.0.31205.134
MinimumVisualStudioVersion = 10.0.40219.1
Project("{FAE04EC0-301F-11D3-BF4B-00C04F79EFBC}") = "CAI.Actividad02", "CAI.Actividad02.csproj", "{18F4D0EB-D463-4683-8791-DC99642D1F42}"
EndProject
Global
	GlobalSection(SolutionConfigurationPlatforms) = preSolution
		Debug|Any CPU = Debug|Any CPU
		Release|Any CPU = Release|Any CPU
	EndGlobalSection
	GlobalSection(ProjectConfigurationPlatforms) = postSolution
		{18F4D0EB-D463-4683-8791-DC99642D1F42}.Debug|Any CPU.ActiveCfg = Debug|Any CPU
		{18F4D0EB-D463-4683-8791-DC99642D1F42}.Debug|Any CPU.Build.0 = Debug|Any CPU
		{18F4D0EB-D463-4683-8791-DC99642D1F42}.Release|Any CPU.ActiveCfg = Release|Any CPU
		{18F4D0EB-D463-4683-8791-DC99642D1F42}.Release|Any CPU.Build.0 = Release|Any CPU
	EndGlobalSection
	GlobalSection(SolutionProperties) = preSolution
		HideSolutionNode = FALSE
	EndGlobalSection
	GlobalSection(ExtensibilityGlobals) = postSolution
		SolutionGuid = {394FA958-D2FC-4643-8A4F-86BF934A4C14}
	EndGlobalSection
EndGlobal
